
Microsoft Visual Studio Solution File, Format Version 11.00
# Visual Studio 2010
Project("{FAE04EC0-301F-11D3-BF4B-00C04F79EFBC}") = "MagicBattle", "Assembly-CSharp.csproj", "{387226AF-F77F-4BF8-6CD4-30E9B38FC949}"
EndProject
Global
	GlobalSection(SolutionConfigurationPlatforms) = preSolution
		Debug|Any CPU = Debug|Any CPU
		Release|Any CPU = Release|Any CPU
	EndGlobalSection
	GlobalSection(ProjectConfigurationPlatforms) = postSolution
		{387226AF-F77F-4BF8-6CD4-30E9B38FC949}.Debug|Any CPU.ActiveCfg = Debug|Any CPU
		{387226AF-F77F-4BF8-6CD4-30E9B38FC949}.Debug|Any CPU.Build.0 = Debug|Any CPU
		{387226AF-F77F-4BF8-6CD4-30E9B38FC949}.Release|Any CPU.ActiveCfg = Release|Any CPU
		{387226AF-F77F-4BF8-6CD4-30E9B38FC949}.Release|Any CPU.Build.0 = Release|Any CPU
	EndGlobalSection
	GlobalSection(SolutionProperties) = preSolution
		HideSolutionNode = FALSE
	EndGlobalSection
	GlobalSection(MonoDevelopProperties) = preSolution
		StartupItem = Assembly-CSharp.csproj
	EndGlobalSection
EndGlobal
